// !$*UTF8*$!
{
	archiveVersion = 1;
	classes = {
	};
	objectVersion = 50;
	objects = {

/* Begin PBXBuildFile section */
		910953FD256748C8001F515A /* AppDelegate.swift in Sources */ = {isa = PBXBuildFile; fileRef = 910953FC256748C8001F515A /* AppDelegate.swift */; };
		910953FF256748C8001F515A /* SceneDelegate.swift in Sources */ = {isa = PBXBuildFile; fileRef = 910953FE256748C8001F515A /* SceneDelegate.swift */; };
		91095404256748C8001F515A /* Main.storyboard in Resources */ = {isa = PBXBuildFile; fileRef = 91095402256748C8001F515A /* Main.storyboard */; };
		91095407256748C8001F515A /* BeginnerTableView.xcdatamodeld in Sources */ = {isa = PBXBuildFile; fileRef = 91095405256748C8001F515A /* BeginnerTableView.xcdatamodeld */; };
		91095409256748CC001F515A /* Assets.xcassets in Resources */ = {isa = PBXBuildFile; fileRef = 91095408256748CC001F515A /* Assets.xcassets */; };
		9109540C256748CC001F515A /* LaunchScreen.storyboard in Resources */ = {isa = PBXBuildFile; fileRef = 9109540A256748CC001F515A /* LaunchScreen.storyboard */; };
		9109541625674946001F515A /* VideoListScreenViewController.swift in Sources */ = {isa = PBXBuildFile; fileRef = 9109541525674946001F515A /* VideoListScreenViewController.swift */; };
		9109541B2567502C001F515A /* VideoCell.swift in Sources */ = {isa = PBXBuildFile; fileRef = 9109541A2567502C001F515A /* VideoCell.swift */; };
		9109541E25675251001F515A /* Video.swift in Sources */ = {isa = PBXBuildFile; fileRef = 9109541D25675251001F515A /* Video.swift */; };
/* End PBXBuildFile section */

/* Begin PBXFileReference section */
		910953F9256748C8001F515A /* BeginnerTableView.app */ = {isa = PBXFileReference; explicitFileType = wrapper.application; includeInIndex = 0; path = BeginnerTableView.app; sourceTree = BUILT_PRODUCTS_DIR; };
		910953FC256748C8001F515A /* AppDelegate.swift */ = {isa = PBXFileReference; lastKnownFileType = sourcecode.swift; path = AppDelegate.swift; sourceTree = "<group>"; };
		910953FE256748C8001F515A /* SceneDelegate.swift */ = {isa = PBXFileReference; lastKnownFileType = sourcecode.swift; path = SceneDelegate.swift; sourceTree = "<group>"; };
		91095403256748C8001F515A /* Base */ = {isa = PBXFileReference; lastKnownFileType = file.storyboard; name = Base; path = Base.lproj/Main.storyboard; sourceTree = "<group>"; };
		91095406256748C8001F515A /* BeginnerTableView.xcdatamodel */ = {isa = PBXFileReference; lastKnownFileType = wrapper.xcdatamodel; path = BeginnerTableView.xcdatamodel; sourceTree = "<group>"; };
		91095408256748CC001F515A /* Assets.xcassets */ = {isa = PBXFileReference; lastKnownFileType = folder.assetcatalog; path = Assets.xcassets; sourceTree = "<group>"; };
		9109540B256748CC001F515A /* Base */ = {isa = PBXFileReference; lastKnownFileType = file.storyboard; name = Base; path = Base.lproj/LaunchScreen.storyboard; sourceTree = "<group>"; };
		9109540D256748CC001F515A /* Info.plist */ = {isa = PBXFileReference; lastKnownFileType = text.plist.xml; path = Info.plist; sourceTree = "<group>"; };
		9109541525674946001F515A /* VideoListScreenViewController.swift */ = {isa = PBXFileReference; lastKnownFileType = sourcecode.swift; path = VideoListScreenViewController.swift; sourceTree = "<group>"; };
		9109541A2567502C001F515A /* VideoCell.swift */ = {isa = PBXFileReference; lastKnownFileType = sourcecode.swift; path = VideoCell.swift; sourceTree = "<group>"; };
		9109541D25675251001F515A /* Video.swift */ = {isa = PBXFileReference; lastKnownFileType = sourcecode.swift; path = Video.swift; sourceTree = "<group>"; };
/* End PBXFileReference section */

/* Begin PBXFrameworksBuildPhase section */
		910953F6256748C8001F515A /* Frameworks */ = {
			isa = PBXFrameworksBuildPhase;
			buildActionMask = 2147483647;
			files = (
			);
			runOnlyForDeploymentPostprocessing = 0;
		};
/* End PBXFrameworksBuildPhase section */

/* Begin PBXGroup section */
		910953F0256748C8001F515A = {
			isa = PBXGroup;
			children = (
				910953FB256748C8001F515A /* BeginnerTableView */,
				910953FA256748C8001F515A /* Products */,
			);
			sourceTree = "<group>";
		};
		910953FA256748C8001F515A /* Products */ = {
			isa = PBXGroup;
			children = (
				910953F9256748C8001F515A /* BeginnerTableView.app */,
			);
			name = Products;
			sourceTree = "<group>";
		};
		910953FB256748C8001F515A /* BeginnerTableView */ = {
			isa = PBXGroup;
			children = (
				910953FC256748C8001F515A /* AppDelegate.swift */,
				910953FE256748C8001F515A /* SceneDelegate.swift */,
				9109541525674946001F515A /* VideoListScreenViewController.swift */,
				9109541D25675251001F515A /* Video.swift */,
				9109541A2567502C001F515A /* VideoCell.swift */,
				91095402256748C8001F515A /* Main.storyboard */,
				91095408256748CC001F515A /* Assets.xcassets */,
				9109540A256748CC001F515A /* LaunchScreen.storyboard */,
				9109540D256748CC001F515A /* Info.plist */,
				91095405256748C8001F515A /* BeginnerTableView.xcdatamodeld */,
			);
			path = BeginnerTableView;
			sourceTree = "<group>";
		};
/* End PBXGroup section */

/* Begin PBXNativeTarget section */
		910953F8256748C8001F515A /* BeginnerTableView */ = {
			isa = PBXNativeTarget;
			buildConfigurationList = 91095410256748CC001F515A /* Build configuration list for PBXNativeTarget "BeginnerTableView" */;
			buildPhases = (
				910953F5256748C8001F515A /* Sources */,
				910953F6256748C8001F515A /* Frameworks */,
				910953F7256748C8001F515A /* Resources */,
			);
			buildRules = (
			);
			dependencies = (
			);
			name = BeginnerTableView;
			productName = BeginnerTableView;
			productReference = 910953F9256748C8001F515A /* BeginnerTableView.app */;
			productType = "com.apple.product-type.application";
		};
/* End PBXNativeTarget section */

/* Begin PBXProject section */
		910953F1256748C8001F515A /* Project object */ = {
			isa = PBXProject;
			attributes = {
				LastSwiftUpdateCheck = 1210;
				LastUpgradeCheck = 1210;
				TargetAttributes = {
					910953F8256748C8001F515A = {
						CreatedOnToolsVersion = 12.1;
					};
				};
			};
			buildConfigurationList = 910953F4256748C8001F515A /* Build configuration list for PBXProject "BeginnerTableView" */;
			compatibilityVersion = "Xcode 9.3";
			developmentRegion = en;
			hasScannedForEncodings = 0;
			knownRegions = (
				en,
				Base,
			);
			mainGroup = 910953F0256748C8001F515A;
			productRefGroup = 910953FA256748C8001F515A /* Products */;
			projectDirPath = "";
			projectRoot = "";
			targets = (
				910953F8256748C8001F515A /* BeginnerTableView */,
			);
		};
/* End PBXProject section */

/* Begin PBXResourcesBuildPhase section */
		910953F7256748C8001F515A /* Resources */ = {
			isa = PBXResourcesBuildPhase;
			buildActionMask = 2147483647;
			files = (
				9109540C256748CC001F515A /* LaunchScreen.storyboard in Resources */,
				91095409256748CC001F515A /* Assets.xcassets in Resources */,
				91095404256748C8001F515A /* Main.storyboard in Resources */,
			);
			runOnlyForDeploymentPostprocessing = 0;
		};
/* End PBXResourcesBuildPhase section */

/* Begin PBXSourcesBuildPhase section */
		910953F5256748C8001F515A /* Sources */ = {
			isa = PBXSourcesBuildPhase;
			buildActionMask = 2147483647;
			files = (
				9109541B2567502C001F515A /* VideoCell.swift in Sources */,
				9109541E25675251001F515A /* Video.swift in Sources */,
				9109541625674946001F515A /* VideoListScreenViewController.swift in Sources */,
				910953FD256748C8001F515A /* AppDelegate.swift in Sources */,
				910953FF256748C8001F515A /* SceneDelegate.swift in Sources */,
				91095407256748C8001F515A /* BeginnerTableView.xcdatamodeld in Sources */,
			);
			runOnlyForDeploymentPostprocessing = 0;
		};
/* End PBXSourcesBuildPhase section */

/* Begin PBXVariantGroup section */
		91095402256748C8001F515A /* Main.storyboard */ = {
			isa = PBXVariantGroup;
			children = (
				91095403256748C8001F515A /* Base */,
			);
			name = Main.storyboard;
			sourceTree = "<group>";
		};
		9109540A256748CC001F515A /* LaunchScreen.storyboard */ = {
			isa = PBXVariantGroup;
			children = (
				9109540B256748CC001F515A /* Base */,
			);
			name = LaunchScreen.storyboard;
			sourceTree = "<group>";
		};
/* End PBXVariantGroup section */

/* Begin XCBuildConfiguration section */
		9109540E256748CC001F515A /* Debug */ = {
			isa = XCBuildConfiguration;
			buildSettings = {
				ALWAYS_SEARCH_USER_PATHS = NO;
				CLANG_ANALYZER_NONNULL = YES;
				CLANG_ANALYZER_NUMBER_OBJECT_CONVERSION = YES_AGGRESSIVE;
				CLANG_CXX_LANGUAGE_STANDARD = "gnu++14";
				CLANG_CXX_LIBRARY = "libc++";
				CLANG_ENABLE_MODULES = YES;
				CLANG_ENABLE_OBJC_ARC = YES;
				CLANG_ENABLE_OBJC_WEAK = YES;
				CLANG_WARN_BLOCK_CAPTURE_AUTORELEASING = YES;
				CLANG_WARN_BOOL_CONVERSION = YES;
				CLANG_WARN_COMMA = YES;
				CLANG_WARN_CONSTANT_CONVERSION = YES;
				CLANG_WARN_DEPRECATED_OBJC_IMPLEMENTATIONS = YES;
				CLANG_WARN_DIRECT_OBJC_ISA_USAGE = YES_ERROR;
				CLANG_WARN_DOCUMENTATION_COMMENTS = YES;
				CLANG_WARN_EMPTY_BODY = YES;
				CLANG_WARN_ENUM_CONVERSION = YES;
				CLANG_WARN_INFINITE_RECURSION = YES;
				CLANG_WARN_INT_CONVERSION = YES;
				CLANG_WARN_NON_LITERAL_NULL_CONVERSION = YES;
				CLANG_WARN_OBJC_IMPLICIT_RETAIN_SELF = YES;
				CLANG_WARN_OBJC_LITERAL_CONVERSION = YES;
				CLANG_WARN_OBJC_ROOT_CLASS = YES_ERROR;
				CLANG_WARN_QUOTED_INCLUDE_IN_FRAMEWORK_HEADER = YES;
				CLANG_WARN_RANGE_LOOP_ANALYSIS = YES;
				CLANG_WARN_STRICT_PROTOTYPES = YES;
				CLANG_WARN_SUSPICIOUS_MOVE = YES;
				CLANG_WARN_UNGUARDED_AVAILABILITY = YES_AGGRESSIVE;
				CLANG_WARN_UNREACHABLE_CODE = YES;
				CLANG_WARN__DUPLICATE_METHOD_MATCH = YES;
				COPY_PHASE_STRIP = NO;
				DEBUG_INFORMATION_FORMAT = dwarf;
				ENABLE_STRICT_OBJC_MSGSEND = YES;
				ENABLE_TESTABILITY = YES;
				GCC_C_LANGUAGE_STANDARD = gnu11;
				GCC_DYNAMIC_NO_PIC = NO;
				GCC_NO_COMMON_BLOCKS = YES;
				GCC_OPTIMIZATION_LEVEL = 0;
				GCC_PREPROCESSOR_DEFINITIONS = (
					"DEBUG=1",
					"$(inherited)",
				);
				GCC_WARN_64_TO_32_BIT_CONVERSION = YES;
				GCC_WARN_ABOUT_RETURN_TYPE = YES_ERROR;
				GCC_WARN_UNDECLARED_SELECTOR = YES;
				GCC_WARN_UNINITIALIZED_AUTOS = YES_AGGRESSIVE;
				GCC_WARN_UNUSED_FUNCTION = YES;
				GCC_WARN_UNUSED_VARIABLE = YES;
				IPHONEOS_DEPLOYMENT_TARGET = 14.1;
				MTL_ENABLE_DEBUG_INFO = INCLUDE_SOURCE;
				MTL_FAST_MATH = YES;
				ONLY_ACTIVE_ARCH = YES;
				SDKROOT = iphoneos;
				SWIFT_ACTIVE_COMPILATION_CONDITIONS = DEBUG;
				SWIFT_OPTIMIZATION_LEVEL = "-Onone";
			};
			name = Debug;
		};
		9109540F256748CC001F515A /* Release */ = {
			isa = XCBuildConfiguration;
			buildSettings = {
				ALWAYS_SEARCH_USER_PATHS = NO;
				CLANG_ANALYZER_NONNULL = YES;
				CLANG_ANALYZER_NUMBER_OBJECT_CONVERSION = YES_AGGRESSIVE;
				CLANG_CXX_LANGUAGE_STANDARD = "gnu++14";
				CLANG_CXX_LIBRARY = "libc++";
				CLANG_ENABLE_MODULES = YES;
				CLANG_ENABLE_OBJC_ARC = YES;
				CLANG_ENABLE_OBJC_WEAK = YES;
				CLANG_WARN_BLOCK_CAPTURE_AUTORELEASING = YES;
				CLANG_WARN_BOOL_CONVERSION = YES;
				CLANG_WARN_COMMA = YES;
				CLANG_WARN_CONSTANT_CONVERSION = YES;
				CLANG_WARN_DEPRECATED_OBJC_IMPLEMENTATIONS = YES;
				CLANG_WARN_DIRECT_OBJC_ISA_USAGE = YES_ERROR;
				CLANG_WARN_DOCUMENTATION_COMMENTS = YES;
				CLANG_WARN_EMPTY_BODY = YES;
				CLANG_WARN_ENUM_CONVERSION = YES;
				CLANG_WARN_INFINITE_RECURSION = YES;
				CLANG_WARN_INT_CONVERSION = YES;
				CLANG_WARN_NON_LITERAL_NULL_CONVERSION = YES;
				CLANG_WARN_OBJC_IMPLICIT_RETAIN_SELF = YES;
				CLANG_WARN_OBJC_LITERAL_CONVERSION = YES;
				CLANG_WARN_OBJC_ROOT_CLASS = YES_ERROR;
				CLANG_WARN_QUOTED_INCLUDE_IN_FRAMEWORK_HEADER = YES;
				CLANG_WARN_RANGE_LOOP_ANALYSIS = YES;
				CLANG_WARN_STRICT_PROTOTYPES = YES;
				CLANG_WARN_SUSPICIOUS_MOVE = YES;
				CLANG_WARN_UNGUARDED_AVAILABILITY = YES_AGGRESSIVE;
				CLANG_WARN_UNREACHABLE_CODE = YES;
				CLANG_WARN__DUPLICATE_METHOD_MATCH = YES;
				COPY_PHASE_STRIP = NO;
				DEBUG_INFORMATION_FORMAT = "dwarf-with-dsym";
				ENABLE_NS_ASSERTIONS = NO;
				ENABLE_STRICT_OBJC_MSGSEND = YES;
				GCC_C_LANGUAGE_STANDARD = gnu11;
				GCC_NO_COMMON_BLOCKS = YES;
				GCC_WARN_64_TO_32_BIT_CONVERSION = YES;
				GCC_WARN_ABOUT_RETURN_TYPE = YES_ERROR;
				GCC_WARN_UNDECLARED_SELECTOR = YES;
				GCC_WARN_UNINITIALIZED_AUTOS = YES_AGGRESSIVE;
				GCC_WARN_UNUSED_FUNCTION = YES;
				GCC_WARN_UNUSED_VARIABLE = YES;
				IPHONEOS_DEPLOYMENT_TARGET = 14.1;
				MTL_ENABLE_DEBUG_INFO = NO;
				MTL_FAST_MATH = YES;
				SDKROOT = iphoneos;
				SWIFT_COMPILATION_MODE = wholemodule;
				SWIFT_OPTIMIZATION_LEVEL = "-O";
				VALIDATE_PRODUCT = YES;
			};
			name = Release;
		};
		91095411256748CC001F515A /* Debug */ = {
			isa = XCBuildConfiguration;
			buildSettings = {
				ASSETCATALOG_COMPILER_APPICON_NAME = AppIcon;
				ASSETCATALOG_COMPILER_GLOBAL_ACCENT_COLOR_NAME = AccentColor;
				CODE_SIGN_STYLE = Automatic;
				DEVELOPMENT_TEAM = 7H24B9FWQM;
				INFOPLIST_FILE = BeginnerTableView/Info.plist;
				LD_RUNPATH_SEARCH_PATHS = (
					"$(inherited)",
					"@executable_path/Frameworks",
				);
				PRODUCT_BUNDLE_IDENTIFIER = marcocsx.BeginnerTableView;
				PRODUCT_NAME = "$(TARGET_NAME)";
				SWIFT_VERSION = 5.0;
				TARGETED_DEVICE_FAMILY = "1,2";
			};
			name = Debug;
		};
		91095412256748CC001F515A /* Release */ = {
			isa = XCBuildConfiguration;
			buildSettings = {
				ASSETCATALOG_COMPILER_APPICON_NAME = AppIcon;
				ASSETCATALOG_COMPILER_GLOBAL_ACCENT_COLOR_NAME = AccentColor;
				CODE_SIGN_STYLE = Automatic;
				DEVELOPMENT_TEAM = 7H24B9FWQM;
				INFOPLIST_FILE = BeginnerTableView/Info.plist;
				LD_RUNPATH_SEARCH_PATHS = (
					"$(inherited)",
					"@executable_path/Frameworks",
				);
				PRODUCT_BUNDLE_IDENTIFIER = marcocsx.BeginnerTableView;
				PRODUCT_NAME = "$(TARGET_NAME)";
				SWIFT_VERSION = 5.0;
				TARGETED_DEVICE_FAMILY = "1,2";
			};
			name = Release;
		};
/* End XCBuildConfiguration section */

/* Begin XCConfigurationList section */
		910953F4256748C8001F515A /* Build configuration list for PBXProject "BeginnerTableView" */ = {
			isa = XCConfigurationList;
			buildConfigurations = (
				9109540E256748CC001F515A /* Debug */,
				9109540F256748CC001F515A /* Release */,
			);
			defaultConfigurationIsVisible = 0;
			defaultConfigurationName = Release;
		};
		91095410256748CC001F515A /* Build configuration list for PBXNativeTarget "BeginnerTableView" */ = {
			isa = XCConfigurationList;
			buildConfigurations = (
				91095411256748CC001F515A /* Debug */,
				91095412256748CC001F515A /* Release */,
			);
			defaultConfigurationIsVisible = 0;
			defaultConfigurationName = Release;
		};
/* End XCConfigurationList section */

/* Begin XCVersionGroup section */
		91095405256748C8001F515A /* BeginnerTableView.xcdatamodeld */ = {
			isa = XCVersionGroup;
			children = (
				91095406256748C8001F515A /* BeginnerTableView.xcdatamodel */,
			);
			currentVersion = 91095406256748C8001F515A /* BeginnerTableView.xcdatamodel */;
			path = BeginnerTableView.xcdatamodeld;
			sourceTree = "<group>";
			versionGroupType = wrapper.xcdatamodel;
		};
/* End XCVersionGroup section */
	};
	rootObject = 910953F1256748C8001F515A /* Project object */;
}
